
Microsoft Visual Studio Solution File, Format Version 11.00
# Visual Studio 2010
# SharpDevelop 4.1.0.8000
Project("{FAE04EC0-301F-11D3-BF4B-00C04F79EFBC}") = "process", "process\process.csproj", "{6D9A56A1-5E7C-4F0C-A4A8-B4C31E112A89}"
EndProject
Project("{FAE04EC0-301F-11D3-BF4B-00C04F79EFBC}") = "Mail", "Mail\Mail.csproj", "{C728B1D8-9D23-45C0-BC4B-57988096D80D}"
EndProject
Project("{FAE04EC0-301F-11D3-BF4B-00C04F79EFBC}") = "Description", "Description\Description.csproj", "{3DF966DB-0296-400B-89DD-BEAAE50EACDB}"
EndProject
Project("{FAE04EC0-301F-11D3-BF4B-00C04F79EFBC}") = "DescriptionTable", "DescriptionTable\DescriptionTable.csproj", "{0C185DA6-AA3C-4231-A8FB-11CE4F66793B}"
EndProject
Project("{FAE04EC0-301F-11D3-BF4B-00C04F79EFBC}") = "Test", "Test\Test.csproj", "{8F54B524-0A53-414A-8877-1BB64ADAF119}"
EndProject
Project("{FAE04EC0-301F-11D3-BF4B-00C04F79EFBC}") = "ImportExcel", "ImportExcel\ImportExcel.csproj", "{1A73B7A8-EDB9-4836-AD07-3A26380F6BC1}"
EndProject
Global
	GlobalSection(SolutionConfigurationPlatforms) = preSolution
		Debug|x86 = Debug|x86
		Release|x86 = Release|x86
	EndGlobalSection
	GlobalSection(ProjectConfigurationPlatforms) = postSolution
		{6D9A56A1-5E7C-4F0C-A4A8-B4C31E112A89}.Debug|x86.Build.0 = Debug|x86
		{6D9A56A1-5E7C-4F0C-A4A8-B4C31E112A89}.Debug|x86.ActiveCfg = Debug|x86
		{6D9A56A1-5E7C-4F0C-A4A8-B4C31E112A89}.Release|x86.Build.0 = Release|x86
		{6D9A56A1-5E7C-4F0C-A4A8-B4C31E112A89}.Release|x86.ActiveCfg = Release|x86
		{C728B1D8-9D23-45C0-BC4B-57988096D80D}.Debug|x86.Build.0 = Debug|x86
		{C728B1D8-9D23-45C0-BC4B-57988096D80D}.Debug|x86.ActiveCfg = Debug|x86
		{C728B1D8-9D23-45C0-BC4B-57988096D80D}.Release|x86.Build.0 = Release|x86
		{C728B1D8-9D23-45C0-BC4B-57988096D80D}.Release|x86.ActiveCfg = Release|x86
		{3DF966DB-0296-400B-89DD-BEAAE50EACDB}.Debug|x86.Build.0 = Debug|x86
		{3DF966DB-0296-400B-89DD-BEAAE50EACDB}.Debug|x86.ActiveCfg = Debug|x86
		{3DF966DB-0296-400B-89DD-BEAAE50EACDB}.Release|x86.Build.0 = Release|x86
		{3DF966DB-0296-400B-89DD-BEAAE50EACDB}.Release|x86.ActiveCfg = Release|x86
		{0C185DA6-AA3C-4231-A8FB-11CE4F66793B}.Debug|x86.Build.0 = Debug|x86
		{0C185DA6-AA3C-4231-A8FB-11CE4F66793B}.Debug|x86.ActiveCfg = Debug|x86
		{0C185DA6-AA3C-4231-A8FB-11CE4F66793B}.Release|x86.Build.0 = Release|x86
		{0C185DA6-AA3C-4231-A8FB-11CE4F66793B}.Release|x86.ActiveCfg = Release|x86
		{8F54B524-0A53-414A-8877-1BB64ADAF119}.Debug|x86.Build.0 = Debug|x86
		{8F54B524-0A53-414A-8877-1BB64ADAF119}.Debug|x86.ActiveCfg = Debug|x86
		{8F54B524-0A53-414A-8877-1BB64ADAF119}.Release|x86.Build.0 = Release|x86
		{8F54B524-0A53-414A-8877-1BB64ADAF119}.Release|x86.ActiveCfg = Release|x86
		{1A73B7A8-EDB9-4836-AD07-3A26380F6BC1}.Debug|x86.Build.0 = Debug|x86
		{1A73B7A8-EDB9-4836-AD07-3A26380F6BC1}.Debug|x86.ActiveCfg = Debug|x86
		{1A73B7A8-EDB9-4836-AD07-3A26380F6BC1}.Release|x86.Build.0 = Release|x86
		{1A73B7A8-EDB9-4836-AD07-3A26380F6BC1}.Release|x86.ActiveCfg = Release|x86
	EndGlobalSection
EndGlobal
